{
  "nodes": {
    "brew-src": {
      "flake": false,
      "locked": {
        "lastModified": 1748658199,
        "narHash": "sha256-xmI9Bk8zDWgmvJlPpeHZk9yHCZPG5uxZH9VmdEdWCkU=",
        "owner": "Homebrew",
        "repo": "brew",
        "rev": "54c8b127ea2263fbbaf1354e3d8d86025e387ea6",
        "type": "github"
      },
      "original": {
        "owner": "Homebrew",
        "ref": "4.5.4",
        "repo": "brew",
        "type": "github"
      }
    },
    "home-manager": {
      "inputs": {
        "nixpkgs": [
          "nixpkgs"
        ]
      },
      "locked": {
        "lastModified": 1749221014,
        "narHash": "sha256-mqrpuP/lfyDmta5hJWTwWgdF5lwdiubcGs7oRvcTZ2s=",
        "owner": "nix-community",
        "repo": "home-manager",
        "rev": "96482a538e6103579d254b139759d0536177370b",
        "type": "github"
      },
      "original": {
        "owner": "nix-community",
        "repo": "home-manager",
        "type": "github"
      }
    },
    "nix-darwin": {
      "inputs": {
        "nixpkgs": [
          "nixpkgs"
        ]
      },
      "locked": {
        "lastModified": 1748373722,
        "narHash": "sha256-qi6aDGP2W6GyAUNEhg+slQWEpUiJ8LNIrQkmxHpzadI=",
        "owner": "nix-darwin",
        "repo": "nix-darwin",
        "rev": "75b99daa12b1fffd646d6c3cf13b06f1fa5cef63",
        "type": "github"
      },
      "original": {
        "owner": "nix-darwin",
        "ref": "nix-darwin-25.05",
        "repo": "nix-darwin",
        "type": "github"
      }
    },
    "nix-homebrew": {
      "inputs": {
        "brew-src": "brew-src"
      },
      "locked": {
        "lastModified": 1749061673,
        "narHash": "sha256-cMXNT+bMgnbH1OVlGEGUr2K7Fbq+MXC2rGLnHjduQT0=",
        "owner": "zhaofengli-wip",
        "repo": "nix-homebrew",
        "rev": "5108f0846cde2080aaeb1c7b08e3bd7d27f33b57",
        "type": "github"
      },
      "original": {
        "owner": "zhaofengli-wip",
        "repo": "nix-homebrew",
        "type": "github"
      }
    },
    "nixpkgs": {
      "locked": {
        "lastModified": 1749240875,
        "narHash": "sha256-x+qVg8KwsHrhM0F6f1awVvVFNduyq2uhSjDyRzALXxI=",
        "owner": "NixOS",
        "repo": "nixpkgs",
        "rev": "73e167b46f2889fe0dacb9cb4f98054554ed107f",
        "type": "github"
      },
      "original": {
        "owner": "NixOS",
        "ref": "release-25.05",
        "repo": "nixpkgs",
        "type": "github"
      }
    },
    "root": {
      "inputs": {
        "home-manager": "home-manager",
        "nix-darwin": "nix-darwin",
        "nix-homebrew": "nix-homebrew",
        "nixpkgs": "nixpkgs"
      }
    }
  },
  "root": "root",
  "version": 7
}
